github.com/larsartmann/go-branded-id v0.3.1 h1:n53Vz3MCUy3S8YfW/v+zxL/qT96iiXZOT6p46HZysyA=
github.com/larsartmann/go-branded-id v0.3.1/go.mod h1:fiv3t1PyNCITnE/8KtymGCUz7tQRuQxF+8oqNdFmA/Y=
github.com/larsartmann/go-output/delimited v0.13.0 h1:oeqYOn6u+qADSAOPaed2xYyzToYftqZAz6vCSqKvyX4=
github.com/larsartmann/go-output/delimited v0.13.0/go.mod h1:3yn7z0JGM6ll6WtQyabIYX5+jaHbnLdg0tIz44tCp6Q=
golang.org/x/sys v0.46.0 h1:noSf2Fq6F8DBgS+LysIkx7rIExoNHJsxOAtPp4rthXw=
golang.org/x/sys v0.46.0/go.mod h1:4GL1E5IUh+htKOUEOaiffhrAeqysfVGipDYzABqnCmw=
golang.org/x/term v0.44.0 h1:0rLvDRCtNj0gZkyIXhCyOb2OAzEhLVqc4B+hrsBhrmc=
golang.org/x/term v0.44.0/go.mod h1:7ze4MdzUzLXpSAoFP1H0bOI9aXDqveSvatT5vKcFh2Y=
