github.com/larsartmann/go-branded-id v0.3.1 h1:n53Vz3MCUy3S8YfW/v+zxL/qT96iiXZOT6p46HZysyA=
github.com/larsartmann/go-branded-id v0.3.1/go.mod h1:fiv3t1PyNCITnE/8KtymGCUz7tQRuQxF+8oqNdFmA/Y=
github.com/larsartmann/go-output/delimited v0.11.0 h1:18UijSClF9INucFuYn+3oFVD5CA0NGCcr/7z+A8Whi4=
github.com/larsartmann/go-output/delimited v0.11.0/go.mod h1:I07JLGCiEkytr/lNppqVy7f+916XSCqTbEorOn4jeBM=
golang.org/x/sys v0.46.0 h1:noSf2Fq6F8DBgS+LysIkx7rIExoNHJsxOAtPp4rthXw=
golang.org/x/sys v0.46.0/go.mod h1:4GL1E5IUh+htKOUEOaiffhrAeqysfVGipDYzABqnCmw=
golang.org/x/term v0.44.0 h1:0rLvDRCtNj0gZkyIXhCyOb2OAzEhLVqc4B+hrsBhrmc=
golang.org/x/term v0.44.0/go.mod h1:7ze4MdzUzLXpSAoFP1H0bOI9aXDqveSvatT5vKcFh2Y=
