github.com/aymanbagabas/go-udiff v0.4.1 h1:OEIrQ8maEeDBXQDoGCbbTTXYJMYRCRO1fnodZ12Gv5o=
github.com/aymanbagabas/go-udiff v0.4.1/go.mod h1:0L9PGwj20lrtmEMeyw4WKJ/TMyDtvAoK9bf2u/mNo3w=
github.com/charmbracelet/x/exp/golden v0.0.0-20260705004817-2cc9a8fe1146 h1:+Gg3H2AVBIiYRUG/ctd7XjvUVbZ11odkbdkOrImmtbg=
github.com/charmbracelet/x/exp/golden v0.0.0-20260705004817-2cc9a8fe1146/go.mod h1:6fMpcW6iwN/kX+xJ52eqVWsDiBTe0UJD24JLoHFe+P0=
github.com/larsartmann/go-branded-id v0.6.0 h1:bqvJcozqtr8CP7/GWbWqHdYWt2YaIaWZdNvPSbqdZXU=
github.com/larsartmann/go-branded-id v0.6.0/go.mod h1:gM5FhB6d23qZO8hIU/rHpUnm/6dwKy9UGMhgvXDqNsc=
golang.org/x/sys v0.48.0 h1:bbX/i/6MgT9BVLM9RT1thmxL04yeTAhbEz4SyadbXoo=
golang.org/x/sys v0.48.0/go.mod h1:hNLxWAXmnKAxqDtdwIYC4bM9oQPEecfsnNMuSxOs3og=
golang.org/x/term v0.46.0 h1:3+OXuTbaKDgwk8jTi3aSLHRlmWqHEUDUtxnbFigO4YE=
golang.org/x/term v0.46.0/go.mod h1:+K02xbkittuwc0Am4abfA3Fc+XRGXkvBXNO88NCXPoc=
