github.com/larsartmann/go-branded-id v0.4.0 h1:5IPQ0OWtJE2BjF6qSTjmrMpNjKYblt9ae74WQj5PthI=
github.com/larsartmann/go-branded-id v0.4.0/go.mod h1:O9fhyzY3DxtLsswpR7XaI+VbCM9182ZbZQLjfFFanLk=
github.com/larsartmann/go-output/testhelpers v0.35.0 h1:VnEw9DZMWx/BS2pejESEVac6izYnbsVCugPfD4q2kC8=
github.com/larsartmann/go-output/testhelpers v0.35.0/go.mod h1:CtP2aiCXEjiH/rh1cO2UJ0H8bW0eoqoqcTpUxqG6O6w=
golang.org/x/sys v0.47.0 h1:o7XGOvZQCADBQQ4Y7VNq2dRWQR7JmOUW8Kxx4ZsNgWs=
golang.org/x/sys v0.47.0/go.mod h1:4GL1E5IUh+htKOUEOaiffhrAeqysfVGipDYzABqnCmw=
golang.org/x/term v0.45.0 h1:NwWyBmoJCbfTHpxrWoZ9C6/VxOf7ic219I8xZZFdrf0=
golang.org/x/term v0.45.0/go.mod h1:9aqxs0blBcrm/n0L9QW0aRVD+ktan8ssZromtqJC43w=
